{
  "name": "client",
  "version": "1.0.0",
  "lockfileVersion": 3,
  "requires": true,
  "packages": {
    "": {
      "name": "client",
      "version": "1.0.0",
      "dependencies": {
        "@prisma/client": "dev"
      },
      "devDependencies": {
        "prisma": "dev"
      }
    },
    "node_modules/@prisma/client": {
      "version": "4.12.0-dev.9",
      "resolved": "https://registry.npmjs.org/@prisma/client/-/client-4.12.0-dev.9.tgz",
      "integrity": "sha512-YeYO33w8uTVZ6BPtWWXjxw8XGlVhbl41POixMO/XB7QPEkU063VJMEkVQsvulN0tppCJjrPORwiPUIwNnAEHGg==",
      "hasInstallScript": true,
      "dependencies": {
        "@prisma/engines-version": "4.12.0-14.da9cbf177f656f6a0002c6749f5f689a1e3cc9e4"
      },
      "engines": {
        "node": ">=14.17"
      },
      "peerDependencies": {
        "prisma": "*"
      },
      "peerDependenciesMeta": {
        "prisma": {
          "optional": true
        }
      }
    },
    "node_modules/@prisma/engines": {
      "version": "4.12.0-dev.9",
      "resolved": "https://registry.npmjs.org/@prisma/engines/-/engines-4.12.0-dev.9.tgz",
      "integrity": "sha512-apbXR2DHozUYGSXTT4G1Moep4q/YcXTTegk41rvIqK4Tp8Apnan9bxd37LGhP6x0/q0WSavDZWry86JIQOBPEw==",
      "devOptional": true,
      "hasInstallScript": true
    },
    "node_modules/@prisma/engines-version": {
      "version": "4.12.0-14.da9cbf177f656f6a0002c6749f5f689a1e3cc9e4",
      "resolved": "https://registry.npmjs.org/@prisma/engines-version/-/engines-version-4.12.0-14.da9cbf177f656f6a0002c6749f5f689a1e3cc9e4.tgz",
      "integrity": "sha512-hooV/1YSnRjq/8JlS6wnPjo6jAJNbq2Ow3pDGPi2C4TNzKPu2uOnNqS81CXqf/UKSmXvSZaoqd0x7jOEIymUQw=="
    },
    "node_modules/prisma": {
      "version": "4.12.0-dev.9",
      "resolved": "https://registry.npmjs.org/prisma/-/prisma-4.12.0-dev.9.tgz",
      "integrity": "sha512-lZM/BIaZ7adiTj1dGwZaObUIuH0Sc6Uqp2mjFe77/ll8xj+7qGBDL9OYiddopAKl4DhpQxVaUj3iQuLGwH6A/w==",
      "devOptional": true,
      "hasInstallScript": true,
      "dependencies": {
        "@prisma/engines": "4.12.0-dev.9"
      },
      "bin": {
        "prisma": "build/index.js",
        "prisma2": "build/index.js"
      },
      "engines": {
        "node": ">=14.17"
      }
    }
  }
}
